
Microsoft Visual Studio Solution File, Format Version 12.00
# Visual Studio 15
VisualStudioVersion = 15.0.28307.489
MinimumVisualStudioVersion = 10.0.40219.1
Project("{FAE04EC0-301F-11D3-BF4B-00C04F79EFBC}") = "Vox2Vec", "Vox2Vec\Vox2Vec.csproj", "{96091A20-8FDE-4A4B-B5B7-9796B1F57CE3}"
EndProject
Project("{FAE04EC0-301F-11D3-BF4B-00C04F79EFBC}") = "Tests", "Tests\Tests.csproj", "{69897597-6398-422A-9D98-FC4BC37C8378}"
EndProject
Global
	GlobalSection(SolutionConfigurationPlatforms) = preSolution
		Debug|Any CPU = Debug|Any CPU
		Release|Any CPU = Release|Any CPU
	EndGlobalSection
	GlobalSection(ProjectConfigurationPlatforms) = postSolution
		{96091A20-8FDE-4A4B-B5B7-9796B1F57CE3}.Debug|Any CPU.ActiveCfg = Debug|Any CPU
		{96091A20-8FDE-4A4B-B5B7-9796B1F57CE3}.Debug|Any CPU.Build.0 = Debug|Any CPU
		{96091A20-8FDE-4A4B-B5B7-9796B1F57CE3}.Release|Any CPU.ActiveCfg = Release|Any CPU
		{96091A20-8FDE-4A4B-B5B7-9796B1F57CE3}.Release|Any CPU.Build.0 = Release|Any CPU
		{69897597-6398-422A-9D98-FC4BC37C8378}.Debug|Any CPU.ActiveCfg = Debug|Any CPU
		{69897597-6398-422A-9D98-FC4BC37C8378}.Debug|Any CPU.Build.0 = Debug|Any CPU
		{69897597-6398-422A-9D98-FC4BC37C8378}.Release|Any CPU.ActiveCfg = Release|Any CPU
		{69897597-6398-422A-9D98-FC4BC37C8378}.Release|Any CPU.Build.0 = Release|Any CPU
	EndGlobalSection
	GlobalSection(SolutionProperties) = preSolution
		HideSolutionNode = FALSE
	EndGlobalSection
	GlobalSection(ExtensibilityGlobals) = postSolution
		SolutionGuid = {2AFAD69C-8F0F-4738-B4FF-E1E6F9150565}
	EndGlobalSection
EndGlobal
